
Microsoft Visual Studio Solution File, Format Version 12.00
# Visual Studio Version 17
VisualStudioVersion = 17.4.33205.214
MinimumVisualStudioVersion = 10.0.40219.1
Project("{FAE04EC0-301F-11D3-BF4B-00C04F79EFBC}") = "caso", "caso\caso.csproj", "{80DAF56C-9368-48E5-B8AF-1CBD88110062}"
EndProject
Global
	GlobalSection(SolutionConfigurationPlatforms) = preSolution
		Debug|Any CPU = Debug|Any CPU
		Release|Any CPU = Release|Any CPU
	EndGlobalSection
	GlobalSection(ProjectConfigurationPlatforms) = postSolution
		{80DAF56C-9368-48E5-B8AF-1CBD88110062}.Debug|Any CPU.ActiveCfg = Debug|Any CPU
		{80DAF56C-9368-48E5-B8AF-1CBD88110062}.Debug|Any CPU.Build.0 = Debug|Any CPU
		{80DAF56C-9368-48E5-B8AF-1CBD88110062}.Release|Any CPU.ActiveCfg = Release|Any CPU
		{80DAF56C-9368-48E5-B8AF-1CBD88110062}.Release|Any CPU.Build.0 = Release|Any CPU
	EndGlobalSection
	GlobalSection(SolutionProperties) = preSolution
		HideSolutionNode = FALSE
	EndGlobalSection
	GlobalSection(ExtensibilityGlobals) = postSolution
		SolutionGuid = {362FF1A0-73B4-4E80-A7EF-8D01233699E2}
	EndGlobalSection
EndGlobal
